
Microsoft Visual Studio Solution File, Format Version 12.00
# Visual Studio Version 16
VisualStudioVersion = 16.0.29806.167
MinimumVisualStudioVersion = 10.0.40219.1
Project("{FAE04EC0-301F-11D3-BF4B-00C04F79EFBC}") = "MyList", "ConsoleApp1\MyList.csproj", "{FFE3C638-FBEF-44F0-A363-3F1D59793E0D}"
EndProject
Project("{FAE04EC0-301F-11D3-BF4B-00C04F79EFBC}") = "Timer", "Timer\Timer.csproj", "{7ECE64F7-9CD3-449E-977B-5F689ABA7C07}"
EndProject
Project("{FAE04EC0-301F-11D3-BF4B-00C04F79EFBC}") = "Extension", "Extension\Extension.csproj", "{F4B800AD-EEF6-4384-8B2C-4FA8929D6F2C}"
EndProject
Global
	GlobalSection(SolutionConfigurationPlatforms) = preSolution
		Debug|Any CPU = Debug|Any CPU
		Release|Any CPU = Release|Any CPU
	EndGlobalSection
	GlobalSection(ProjectConfigurationPlatforms) = postSolution
		{FFE3C638-FBEF-44F0-A363-3F1D59793E0D}.Debug|Any CPU.ActiveCfg = Debug|Any CPU
		{FFE3C638-FBEF-44F0-A363-3F1D59793E0D}.Debug|Any CPU.Build.0 = Debug|Any CPU
		{FFE3C638-FBEF-44F0-A363-3F1D59793E0D}.Release|Any CPU.ActiveCfg = Release|Any CPU
		{FFE3C638-FBEF-44F0-A363-3F1D59793E0D}.Release|Any CPU.Build.0 = Release|Any CPU
		{7ECE64F7-9CD3-449E-977B-5F689ABA7C07}.Debug|Any CPU.ActiveCfg = Debug|Any CPU
		{7ECE64F7-9CD3-449E-977B-5F689ABA7C07}.Debug|Any CPU.Build.0 = Debug|Any CPU
		{7ECE64F7-9CD3-449E-977B-5F689ABA7C07}.Release|Any CPU.ActiveCfg = Release|Any CPU
		{7ECE64F7-9CD3-449E-977B-5F689ABA7C07}.Release|Any CPU.Build.0 = Release|Any CPU
		{F4B800AD-EEF6-4384-8B2C-4FA8929D6F2C}.Debug|Any CPU.ActiveCfg = Debug|Any CPU
		{F4B800AD-EEF6-4384-8B2C-4FA8929D6F2C}.Debug|Any CPU.Build.0 = Debug|Any CPU
		{F4B800AD-EEF6-4384-8B2C-4FA8929D6F2C}.Release|Any CPU.ActiveCfg = Release|Any CPU
		{F4B800AD-EEF6-4384-8B2C-4FA8929D6F2C}.Release|Any CPU.Build.0 = Release|Any CPU
	EndGlobalSection
	GlobalSection(SolutionProperties) = preSolution
		HideSolutionNode = FALSE
	EndGlobalSection
	GlobalSection(ExtensibilityGlobals) = postSolution
		SolutionGuid = {E4FB62E8-CA32-4429-849E-5A0A1115D2D3}
	EndGlobalSection
EndGlobal
