
Microsoft Visual Studio Solution File, Format Version 12.00
# Visual Studio Version 16
VisualStudioVersion = 16.0.29806.167
MinimumVisualStudioVersion = 10.0.40219.1
Project("{9A19103F-16F7-4668-BE54-9A1E7A4F7556}") = "Ex2", "Week6Homework\Ex2.csproj", "{2C787117-5E16-4CBB-B2C2-DC6FEFB35EFD}"
EndProject
Project("{FAE04EC0-301F-11D3-BF4B-00C04F79EFBC}") = "Ex1", "Ex1\Ex1.csproj", "{D5B4EBFF-AA78-4CAE-8679-EFD28AA7A50D}"
EndProject
Project("{FAE04EC0-301F-11D3-BF4B-00C04F79EFBC}") = "Ex3", "Ex3\Ex3.csproj", "{1F9B7302-08D4-47F0-ABCC-C2EF02BF6161}"
EndProject
Project("{FAE04EC0-301F-11D3-BF4B-00C04F79EFBC}") = "Ex4", "Ex4\Ex4.csproj", "{941D11B0-8B4B-46DD-8E42-D667DC0719F2}"
EndProject
Global
	GlobalSection(SolutionConfigurationPlatforms) = preSolution
		Debug|Any CPU = Debug|Any CPU
		Release|Any CPU = Release|Any CPU
	EndGlobalSection
	GlobalSection(ProjectConfigurationPlatforms) = postSolution
		{2C787117-5E16-4CBB-B2C2-DC6FEFB35EFD}.Debug|Any CPU.ActiveCfg = Debug|Any CPU
		{2C787117-5E16-4CBB-B2C2-DC6FEFB35EFD}.Debug|Any CPU.Build.0 = Debug|Any CPU
		{2C787117-5E16-4CBB-B2C2-DC6FEFB35EFD}.Release|Any CPU.ActiveCfg = Release|Any CPU
		{2C787117-5E16-4CBB-B2C2-DC6FEFB35EFD}.Release|Any CPU.Build.0 = Release|Any CPU
		{D5B4EBFF-AA78-4CAE-8679-EFD28AA7A50D}.Debug|Any CPU.ActiveCfg = Debug|Any CPU
		{D5B4EBFF-AA78-4CAE-8679-EFD28AA7A50D}.Debug|Any CPU.Build.0 = Debug|Any CPU
		{D5B4EBFF-AA78-4CAE-8679-EFD28AA7A50D}.Release|Any CPU.ActiveCfg = Release|Any CPU
		{D5B4EBFF-AA78-4CAE-8679-EFD28AA7A50D}.Release|Any CPU.Build.0 = Release|Any CPU
		{1F9B7302-08D4-47F0-ABCC-C2EF02BF6161}.Debug|Any CPU.ActiveCfg = Debug|Any CPU
		{1F9B7302-08D4-47F0-ABCC-C2EF02BF6161}.Debug|Any CPU.Build.0 = Debug|Any CPU
		{1F9B7302-08D4-47F0-ABCC-C2EF02BF6161}.Release|Any CPU.ActiveCfg = Release|Any CPU
		{1F9B7302-08D4-47F0-ABCC-C2EF02BF6161}.Release|Any CPU.Build.0 = Release|Any CPU
		{941D11B0-8B4B-46DD-8E42-D667DC0719F2}.Debug|Any CPU.ActiveCfg = Debug|Any CPU
		{941D11B0-8B4B-46DD-8E42-D667DC0719F2}.Debug|Any CPU.Build.0 = Debug|Any CPU
		{941D11B0-8B4B-46DD-8E42-D667DC0719F2}.Release|Any CPU.ActiveCfg = Release|Any CPU
		{941D11B0-8B4B-46DD-8E42-D667DC0719F2}.Release|Any CPU.Build.0 = Release|Any CPU
	EndGlobalSection
	GlobalSection(SolutionProperties) = preSolution
		HideSolutionNode = FALSE
	EndGlobalSection
	GlobalSection(ExtensibilityGlobals) = postSolution
		SolutionGuid = {642ABD85-87C2-46F6-B002-225AC109F0D1}
	EndGlobalSection
EndGlobal
