
Microsoft Visual Studio Solution File, Format Version 12.00
# Visual Studio Version 16
VisualStudioVersion = 16.0.29806.167
MinimumVisualStudioVersion = 10.0.40219.1
Project("{FAE04EC0-301F-11D3-BF4B-00C04F79EFBC}") = "Tema1r", "Tema1r\Tema1r.csproj", "{FB8ACCF0-5829-4F02-BCF3-0E992ED0FAAE}"
EndProject
Project("{FAE04EC0-301F-11D3-BF4B-00C04F79EFBC}") = "Collections", "Collections\Collections.csproj", "{CCA9DB1B-BAAB-4954-A9A3-715136B99D7E}"
EndProject
Global
	GlobalSection(SolutionConfigurationPlatforms) = preSolution
		Debug|Any CPU = Debug|Any CPU
		Release|Any CPU = Release|Any CPU
	EndGlobalSection
	GlobalSection(ProjectConfigurationPlatforms) = postSolution
		{FB8ACCF0-5829-4F02-BCF3-0E992ED0FAAE}.Debug|Any CPU.ActiveCfg = Debug|Any CPU
		{FB8ACCF0-5829-4F02-BCF3-0E992ED0FAAE}.Debug|Any CPU.Build.0 = Debug|Any CPU
		{FB8ACCF0-5829-4F02-BCF3-0E992ED0FAAE}.Release|Any CPU.ActiveCfg = Release|Any CPU
		{FB8ACCF0-5829-4F02-BCF3-0E992ED0FAAE}.Release|Any CPU.Build.0 = Release|Any CPU
		{CCA9DB1B-BAAB-4954-A9A3-715136B99D7E}.Debug|Any CPU.ActiveCfg = Debug|Any CPU
		{CCA9DB1B-BAAB-4954-A9A3-715136B99D7E}.Debug|Any CPU.Build.0 = Debug|Any CPU
		{CCA9DB1B-BAAB-4954-A9A3-715136B99D7E}.Release|Any CPU.ActiveCfg = Release|Any CPU
		{CCA9DB1B-BAAB-4954-A9A3-715136B99D7E}.Release|Any CPU.Build.0 = Release|Any CPU
	EndGlobalSection
	GlobalSection(SolutionProperties) = preSolution
		HideSolutionNode = FALSE
	EndGlobalSection
	GlobalSection(ExtensibilityGlobals) = postSolution
		SolutionGuid = {7CC1A7ED-026F-41B4-8F7B-43B43C7C5F02}
	EndGlobalSection
EndGlobal
